// !$*UTF8*$!
{
	archiveVersion = 1;
	classes = {
	};
	objectVersion = 50;
	objects = {

/* Begin PBXFileReference section */
		B3D80FF322D7B63100573D0C /* heartwitch */ = {isa = PBXFileReference; lastKnownFileType = folder; path = heartwitch; sourceTree = "<group>"; };
/* End PBXFileReference section */

/* Begin PBXGroup section */
		B396AEF322D787D20087D1CF = {
			isa = PBXGroup;
			children = (
				B3D80FF322D7B63100573D0C /* heartwitch */,
				B396AEFF22D788100087D1CF /* Products */,
			);
			sourceTree = "<group>";
		};
		B396AEFF22D788100087D1CF /* Products */ = {
			isa = PBXGroup;
			children = (
			);
			name = Products;
			sourceTree = "<group>";
		};
/* End PBXGroup section */

/* Begin PBXProject section */
		B396AEF422D787D20087D1CF /* Project object */ = {
			isa = PBXProject;
			attributes = {
				LastSwiftUpdateCheck = 1100;
				LastUpgradeCheck = 1100;
			};
			buildConfigurationList = B396AEF722D787D20087D1CF /* Build configuration list for PBXProject "heartwitch" */;
			compatibilityVersion = "Xcode 9.3";
			developmentRegion = en;
			hasScannedForEncodings = 0;
			knownRegions = (
				en,
				Base,
			);
			mainGroup = B396AEF322D787D20087D1CF;
			productRefGroup = B396AEFF22D788100087D1CF /* Products */;
			projectDirPath = "";
			projectRoot = "";
			targets = (
			);
		};
/* End PBXProject section */

/* Begin XCBuildConfiguration section */
		B396AEF822D787D20087D1CF /* Debug */ = {
			isa = XCBuildConfiguration;
			buildSettings = {
			};
			name = Debug;
		};
		B396AEF922D787D20087D1CF /* Release */ = {
			isa = XCBuildConfiguration;
			buildSettings = {
			};
			name = Release;
		};
/* End XCBuildConfiguration section */

/* Begin XCConfigurationList section */
		B396AEF722D787D20087D1CF /* Build configuration list for PBXProject "heartwitch" */ = {
			isa = XCConfigurationList;
			buildConfigurations = (
				B396AEF822D787D20087D1CF /* Debug */,
				B396AEF922D787D20087D1CF /* Release */,
			);
			defaultConfigurationIsVisible = 0;
			defaultConfigurationName = Release;
		};
/* End XCConfigurationList section */
	};
	rootObject = B396AEF422D787D20087D1CF /* Project object */;
}
